<?xml version="1.0" encoding="utf-8"?>
<Project ToolsVersion="4.0" xmlns="http://schemas.microsoft.com/developer/msbuild/2003">
  <ItemGroup>
    <Filter Include="Source Files">
      <UniqueIdentifier>{4FC737F1-C7A5-4376-A066-2A32D752A2FF}</UniqueIdentifier>
      <Extensions>cpp;c;cc;cxx;c++;cppm;ixx;def;odl;idl;hpj;bat;asm;asmx</Extensions>
    </Filter>
    <Filter Include="Source Files\Base">
      <UniqueIdentifier>{93995380-89BD-4b04-88EB-625FBE52EBFB}</UniqueIdentifier>
    </Filter>
    <Filter Include="Source Files\Utility">
      <UniqueIdentifier>{67DA6AB6-F800-4c08-8B7A-83BB121AAD01}</UniqueIdentifier>
    </Filter>
  </ItemGroup>
  <ItemGroup>
    <ClCompile Include="src\main.cpp">
      <Filter>Source Files</Filter>
    </ClCompile>
    <ClCompile Include="src\SimpleScreenApp.cpp">
      <Filter>Source Files</Filter>
    </ClCompile>
    <ClCompile Include="src\Base\DxRenderBase.cpp">
      <Filter>Source Files\Base</Filter>
    </ClCompile>
    <ClCompile Include="src\Base\GameTime.cpp">
      <Filter>Source Files\Base</Filter>
    </ClCompile>
    <ClCompile Include="src\Base\Camera.cpp">
      <Filter>Source Files\Base</Filter>
    </ClCompile>
    <ClCompile Include="src\Utility\d3dUtil.cpp">
      <Filter>Source Files\Utility</Filter>
    </ClCompile>
    <ClCompile Include="src\Utility\DDSTextureLoader.cpp">
      <Filter>Source Files\Utility</Filter>
    </ClCompile>
    <ClCompile Include="src\Utility\GeometryGenerator.cpp">
      <Filter>Source Files\Utility</Filter>
    </ClCompile>
    <ClCompile Include="src\Utility\MathHelper.cpp">
      <Filter>Source Files\Utility</Filter>
    </ClCompile>
    <ClCompile Include="src\SimpleScreenApp.h" />
    <ClCompile Include="src\ShapesApp.cpp">
      <Filter>Source Files</Filter>
    </ClCompile>
    <ClCompile Include="src\Utility\ModelImporter.cpp">
      <Filter>Source Files\Utility</Filter>
    </ClCompile>
    <ClCompile Include="src\Utility\TextureConverter.cpp">
      <Filter>Source Files\Utility</Filter>
    </ClCompile>
    <ClCompile Include="src\Base\ShadowMap.cpp">
      <Filter>Source Files</Filter>
    </ClCompile>
  </ItemGroup>
  <ItemGroup>
    <ClInclude Include="src\Base\DxRenderBase.h">
      <Filter>Source Files\Base</Filter>
    </ClInclude>
    <ClInclude Include="src\Base\GameTime.h">
      <Filter>Source Files\Base</Filter>
    </ClInclude>
    <ClInclude Include="src\Base\Camera.h">
      <Filter>Source Files\Base</Filter>
    </ClInclude>
    <ClInclude Include="src\Base\FrameResource.h">
      <Filter>Source Files\Base</Filter>
    </ClInclude>
    <ClInclude Include="src\Base\UploadBuffer.h">
      <Filter>Source Files\Base</Filter>
    </ClInclude>
    <ClInclude Include="src\Utility\d3dUtil.h">
      <Filter>Source Files\Utility</Filter>
    </ClInclude>
    <ClInclude Include="src\Utility\d3dx12.h">
      <Filter>Source Files\Utility</Filter>
    </ClInclude>
    <ClInclude Include="src\Utility\DDSTextureLoader.h">
      <Filter>Source Files\Utility</Filter>
    </ClInclude>
    <ClInclude Include="src\Utility\GeometryGenerator.h">
      <Filter>Source Files\Utility</Filter>
    </ClInclude>
    <ClInclude Include="src\Utility\MathHelper.h">
      <Filter>Source Files\Utility</Filter>
    </ClInclude>
    <ClInclude Include="src\Utility\ModelImporter.h">
      <Filter>Source Files\Utility</Filter>
    </ClInclude>
    <ClInclude Include="src\Utility\TextureConverter.h">
      <Filter>Source Files\Utility</Filter>
    </ClInclude>
    <ClInclude Include="src\ShapesApp.h" />
    <ClInclude Include="src\Base\ShadowMap.h" />
  </ItemGroup>
  <ItemGroup>
    <None Include="src\Shaders\ShapesApp.hlsl" />
    <None Include="src\Shaders\LightingUtil.hlsl" />
    <None Include="packages.config" />
    <None Include="src\Shaders\Skybox.hlsl" />
    <None Include="src\Shaders\ShadowMap.hlsl" />
    <None Include="src\Shaders\CommonBuffer.hlsl" />
    <None Include="src\Shaders\ShadowMapDebug.hlsl" />
  </ItemGroup>
  <ItemGroup>
    <Image Include="Assets\Textures\Diffuse\bricks.dds" />
    <Image Include="Assets\Textures\Diffuse\bricks2.dds" />
    <Image Include="Assets\Textures\Diffuse\bricks3.dds" />
    <Image Include="Assets\Textures\Diffuse\checkboard.dds" />
    <Image Include="Assets\Textures\Diffuse\grass.dds" />
    <Image Include="Assets\Textures\Diffuse\ice.dds" />
    <Image Include="Assets\Textures\Diffuse\stone.dds" />
    <Image Include="Assets\Textures\Diffuse\tile.dds" />
    <Image Include="Assets\Textures\Diffuse\water1.dds" />
    <Image Include="Assets\Textures\Diffuse\WoodCrate01.dds" />
    <Image Include="Assets\Textures\Diffuse\WoodCrate02.dds" />
    <Image Include="Assets\Textures\Normals\bricks_nmap.dds" />
    <Image Include="Assets\Textures\Normals\bricks2_nmap.dds" />
    <Image Include="Assets\Textures\Normals\default_nmap.dds" />
    <Image Include="Assets\Textures\Normals\head_norm.dds" />
    <Image Include="Assets\Textures\Normals\tile_nmap.dds" />
    <Image Include="Assets\Textures\CubeMap\desertcube1024.dds" />
    <Image Include="Assets\Textures\CubeMap\grasscube1024.dds" />
    <Image Include="Assets\Textures\CubeMap\snowcube1024.dds" />
    <Image Include="Assets\Textures\CubeMap\sunsetcube1024.dds" />
  </ItemGroup>
</Project>